
Microsoft Visual Studio Solution File, Format Version 12.00
# Visual Studio Version 16
VisualStudioVersion = 16.0.30907.101
MinimumVisualStudioVersion = 10.0.40219.1
Project("{FAE04EC0-301F-11D3-BF4B-00C04F79EFBC}") = "DP-Command", "DP-Command\DP-Command.csproj", "{1CF58B63-C4F2-4A36-85E3-5F366EA7D64B}"
EndProject
Project("{FAE04EC0-301F-11D3-BF4B-00C04F79EFBC}") = "DP-Iterator", "DP-Iterator\DP-Iterator.csproj", "{2B5549C8-B4EC-4E58-8901-DA09B9C4AE34}"
EndProject
Project("{FAE04EC0-301F-11D3-BF4B-00C04F79EFBC}") = "TR-Calculator", "TR-Calculator\TR-Calculator.csproj", "{309EB63D-BFF4-4EFA-9938-1CD85374FA01}"
EndProject
Global
	GlobalSection(SolutionConfigurationPlatforms) = preSolution
		Debug|Any CPU = Debug|Any CPU
		Release|Any CPU = Release|Any CPU
	EndGlobalSection
	GlobalSection(ProjectConfigurationPlatforms) = postSolution
		{1CF58B63-C4F2-4A36-85E3-5F366EA7D64B}.Debug|Any CPU.ActiveCfg = Debug|Any CPU
		{1CF58B63-C4F2-4A36-85E3-5F366EA7D64B}.Debug|Any CPU.Build.0 = Debug|Any CPU
		{1CF58B63-C4F2-4A36-85E3-5F366EA7D64B}.Release|Any CPU.ActiveCfg = Release|Any CPU
		{1CF58B63-C4F2-4A36-85E3-5F366EA7D64B}.Release|Any CPU.Build.0 = Release|Any CPU
		{2B5549C8-B4EC-4E58-8901-DA09B9C4AE34}.Debug|Any CPU.ActiveCfg = Debug|Any CPU
		{2B5549C8-B4EC-4E58-8901-DA09B9C4AE34}.Debug|Any CPU.Build.0 = Debug|Any CPU
		{2B5549C8-B4EC-4E58-8901-DA09B9C4AE34}.Release|Any CPU.ActiveCfg = Release|Any CPU
		{2B5549C8-B4EC-4E58-8901-DA09B9C4AE34}.Release|Any CPU.Build.0 = Release|Any CPU
		{309EB63D-BFF4-4EFA-9938-1CD85374FA01}.Debug|Any CPU.ActiveCfg = Debug|Any CPU
		{309EB63D-BFF4-4EFA-9938-1CD85374FA01}.Debug|Any CPU.Build.0 = Debug|Any CPU
		{309EB63D-BFF4-4EFA-9938-1CD85374FA01}.Release|Any CPU.ActiveCfg = Release|Any CPU
		{309EB63D-BFF4-4EFA-9938-1CD85374FA01}.Release|Any CPU.Build.0 = Release|Any CPU
	EndGlobalSection
	GlobalSection(SolutionProperties) = preSolution
		HideSolutionNode = FALSE
	EndGlobalSection
	GlobalSection(ExtensibilityGlobals) = postSolution
		SolutionGuid = {4FF1166C-F527-46B4-924D-2BA032477B90}
	EndGlobalSection
EndGlobal
